
Microsoft Visual Studio Solution File, Format Version 12.00
# Visual Studio Version 17
VisualStudioVersion = 17.6.33815.320
MinimumVisualStudioVersion = 10.0.40219.1
Project("{FAE04EC0-301F-11D3-BF4B-00C04F79EFBC}") = "DatabaseConnectivity", "DatabaseConnectivity\DatabaseConnectivity.csproj", "{8BD37168-35F5-46E7-8B5A-06934B0A9FA8}"
EndProject
Global
	GlobalSection(SolutionConfigurationPlatforms) = preSolution
		Debug|Any CPU = Debug|Any CPU
		Release|Any CPU = Release|Any CPU
	EndGlobalSection
	GlobalSection(ProjectConfigurationPlatforms) = postSolution
		{8BD37168-35F5-46E7-8B5A-06934B0A9FA8}.Debug|Any CPU.ActiveCfg = Debug|Any CPU
		{8BD37168-35F5-46E7-8B5A-06934B0A9FA8}.Debug|Any CPU.Build.0 = Debug|Any CPU
		{8BD37168-35F5-46E7-8B5A-06934B0A9FA8}.Release|Any CPU.ActiveCfg = Release|Any CPU
		{8BD37168-35F5-46E7-8B5A-06934B0A9FA8}.Release|Any CPU.Build.0 = Release|Any CPU
	EndGlobalSection
	GlobalSection(SolutionProperties) = preSolution
		HideSolutionNode = FALSE
	EndGlobalSection
	GlobalSection(ExtensibilityGlobals) = postSolution
		SolutionGuid = {CB3F1E21-26FC-4A23-882F-471092402EE1}
	EndGlobalSection
EndGlobal
